
Microsoft Visual Studio Solution File, Format Version 12.00
# Visual Studio Version 16
VisualStudioVersion = 16.0.29709.97
MinimumVisualStudioVersion = 10.0.40219.1
Project("{9A19103F-16F7-4668-BE54-9A1E7A4F7556}") = "Blizzard.Net.Warcraft3", "Blizzard.Net.Warcraft3\Blizzard.Net.Warcraft3.csproj", "{F94DDDB4-5C98-408F-8F5B-E783D6E46A6A}"
EndProject
Project("{9A19103F-16F7-4668-BE54-9A1E7A4F7556}") = "Blizzard.Net.Warcraft3.StatisticsSample", "Blizzard.Net.Warcraft3.StatisticsSample\Blizzard.Net.Warcraft3.StatisticsSample.csproj", "{541577A8-4546-4B1F-989A-6BFB17F9C6F7}"
EndProject
Project("{9A19103F-16F7-4668-BE54-9A1E7A4F7556}") = "Blizzard.Net.Warcraft3.Tests", "Blizzard.Net.Warcraft3.Tests\Blizzard.Net.Warcraft3.Tests.csproj", "{BF11C8E3-2952-4AAD-A06C-4DED609B2AFF}"
EndProject
Global
	GlobalSection(SolutionConfigurationPlatforms) = preSolution
		Debug|Any CPU = Debug|Any CPU
		Release|Any CPU = Release|Any CPU
	EndGlobalSection
	GlobalSection(ProjectConfigurationPlatforms) = postSolution
		{F94DDDB4-5C98-408F-8F5B-E783D6E46A6A}.Debug|Any CPU.ActiveCfg = Debug|Any CPU
		{F94DDDB4-5C98-408F-8F5B-E783D6E46A6A}.Debug|Any CPU.Build.0 = Debug|Any CPU
		{F94DDDB4-5C98-408F-8F5B-E783D6E46A6A}.Release|Any CPU.ActiveCfg = Release|Any CPU
		{F94DDDB4-5C98-408F-8F5B-E783D6E46A6A}.Release|Any CPU.Build.0 = Release|Any CPU
		{541577A8-4546-4B1F-989A-6BFB17F9C6F7}.Debug|Any CPU.ActiveCfg = Debug|Any CPU
		{541577A8-4546-4B1F-989A-6BFB17F9C6F7}.Debug|Any CPU.Build.0 = Debug|Any CPU
		{541577A8-4546-4B1F-989A-6BFB17F9C6F7}.Release|Any CPU.ActiveCfg = Release|Any CPU
		{541577A8-4546-4B1F-989A-6BFB17F9C6F7}.Release|Any CPU.Build.0 = Release|Any CPU
		{BF11C8E3-2952-4AAD-A06C-4DED609B2AFF}.Debug|Any CPU.ActiveCfg = Debug|Any CPU
		{BF11C8E3-2952-4AAD-A06C-4DED609B2AFF}.Debug|Any CPU.Build.0 = Debug|Any CPU
		{BF11C8E3-2952-4AAD-A06C-4DED609B2AFF}.Release|Any CPU.ActiveCfg = Release|Any CPU
		{BF11C8E3-2952-4AAD-A06C-4DED609B2AFF}.Release|Any CPU.Build.0 = Release|Any CPU
	EndGlobalSection
	GlobalSection(SolutionProperties) = preSolution
		HideSolutionNode = FALSE
	EndGlobalSection
	GlobalSection(ExtensibilityGlobals) = postSolution
		SolutionGuid = {A1A0E82C-4B0C-4056-8DB8-ED9DB7BC89F9}
	EndGlobalSection
EndGlobal
